<?xml version="1.0" encoding="utf-8"?>
<Project ToolsVersion="4.0" xmlns="http://schemas.microsoft.com/developer/msbuild/2003">
  <ItemGroup>
    <Filter Include="Source Files">
      <UniqueIdentifier>{4FC737F1-C7A5-4376-A066-2A32D752A2FF}</UniqueIdentifier>
      <Extensions>cpp;c;cc;cxx;c++;cppm;ixx;def;odl;idl;hpj;bat;asm;asmx</Extensions>
    </Filter>
    <Filter Include="Header Files">
      <UniqueIdentifier>{93995380-89BD-4b04-88EB-625FBE52EBFB}</UniqueIdentifier>
      <Extensions>h;hh;hpp;hxx;h++;hm;inl;inc;ipp;xsd</Extensions>
    </Filter>
    <Filter Include="Resource Files">
      <UniqueIdentifier>{67DA6AB6-F800-4c08-8B7A-83BB121AAD01}</UniqueIdentifier>
      <Extensions>rc;ico;cur;bmp;dlg;rc2;rct;bin;rgs;gif;jpg;jpeg;jpe;resx;tiff;tif;png;wav;mfcribbon-ms</Extensions>
    </Filter>
    <Filter Include="Components">
      <UniqueIdentifier>{77509dfd-f052-4f58-887d-004a189b55ac}</UniqueIdentifier>
    </Filter>
    <Filter Include="Commands">
      <UniqueIdentifier>{c55e5780-045e-4003-b994-12f40dd13f7c}</UniqueIdentifier>
    </Filter>
    <Filter Include="Components\Level">
      <UniqueIdentifier>{5321f885-7a81-4978-8821-d1734c58e29f}</UniqueIdentifier>
    </Filter>
    <Filter Include="Components\Shoot">
      <UniqueIdentifier>{c3feb3d6-ddff-46fa-83d8-6414c86bb66e}</UniqueIdentifier>
    </Filter>
    <Filter Include="Components\Collision">
      <UniqueIdentifier>{c07668de-34be-48e5-b497-faf1c3919e0e}</UniqueIdentifier>
    </Filter>
  </ItemGroup>
  <ItemGroup>
    <ClCompile Include="Tron.cpp">
      <Filter>Source Files</Filter>
    </ClCompile>
    <ClCompile Include="MoveComponent.cpp">
      <Filter>Components</Filter>
    </ClCompile>
    <ClCompile Include="MovementControllerComponent.cpp">
      <Filter>Components</Filter>
    </ClCompile>
    <ClCompile Include="HealthComponent.cpp">
      <Filter>Components</Filter>
    </ClCompile>
    <ClCompile Include="LevelLayoutComponent.cpp">
      <Filter>Components\Level</Filter>
    </ClCompile>
    <ClCompile Include="LevelMovementComponent.cpp">
      <Filter>Components\Level</Filter>
    </ClCompile>
    <ClCompile Include="LevelPathfindingComponent.cpp">
      <Filter>Components\Level</Filter>
    </ClCompile>
    <ClCompile Include="LevelVisualComponent.cpp">
      <Filter>Components\Level</Filter>
    </ClCompile>
    <ClCompile Include="BulletComponent.cpp">
      <Filter>Components\Shoot</Filter>
    </ClCompile>
    <ClCompile Include="BulletPoolComponent.cpp">
      <Filter>Components\Shoot</Filter>
    </ClCompile>
    <ClCompile Include="GunComponent.cpp">
      <Filter>Components\Shoot</Filter>
    </ClCompile>
    <ClCompile Include="CollisionComponent.cpp">
      <Filter>Components\Collision</Filter>
    </ClCompile>
    <ClCompile Include="CollisionHandlerComponent.cpp">
      <Filter>Components\Collision</Filter>
    </ClCompile>
    <ClCompile Include="EnemyControllerComponent.cpp">
      <Filter>Components</Filter>
    </ClCompile>
    <ClCompile Include="EnemyTankComponent.cpp">
      <Filter>Components</Filter>
    </ClCompile>
    <ClCompile Include="HealthDisplayComponent.cpp">
      <Filter>Components</Filter>
    </ClCompile>
    <ClCompile Include="GameInfo.cpp">
      <Filter>Source Files</Filter>
    </ClCompile>
    <ClCompile Include="LevelManager.cpp">
      <Filter>Source Files</Filter>
    </ClCompile>
    <ClCompile Include="EnemyRecognizerComponent.cpp">
      <Filter>Components</Filter>
    </ClCompile>
    <ClCompile Include="ScoreDisplayComponent.cpp">
      <Filter>Components</Filter>
    </ClCompile>
    <ClCompile Include="ScoreComponent.cpp">
      <Filter>Components</Filter>
    </ClCompile>
    <ClCompile Include="PlayerComponent.cpp">
      <Filter>Components</Filter>
    </ClCompile>
    <ClCompile Include="StartGameCommand.cpp">
      <Filter>Commands</Filter>
    </ClCompile>
    <ClCompile Include="SwapGamemodeCommand.cpp">
      <Filter>Commands</Filter>
    </ClCompile>
    <ClCompile Include="QuitGameCommand.cpp">
      <Filter>Commands</Filter>
    </ClCompile>
    <ClCompile Include="HighScoreComponent.cpp">
      <Filter>Components</Filter>
    </ClCompile>
    <ClCompile Include="MoveDownCommand.cpp">
      <Filter>Commands</Filter>
    </ClCompile>
    <ClCompile Include="MoveLeftCommand.cpp">
      <Filter>Commands</Filter>
    </ClCompile>
    <ClCompile Include="MoveRightCommand.cpp">
      <Filter>Commands</Filter>
    </ClCompile>
    <ClCompile Include="MoveUpCommand.cpp">
      <Filter>Commands</Filter>
    </ClCompile>
    <ClCompile Include="NameEnteredCommand.cpp">
      <Filter>Commands</Filter>
    </ClCompile>
    <ClCompile Include="ResumeCommand.cpp">
      <Filter>Commands</Filter>
    </ClCompile>
    <ClCompile Include="PauseCommand.cpp">
      <Filter>Commands</Filter>
    </ClCompile>
    <ClCompile Include="FireDownCommand.cpp">
      <Filter>Commands</Filter>
    </ClCompile>
    <ClCompile Include="FireLeftCommand.cpp">
      <Filter>Commands</Filter>
    </ClCompile>
    <ClCompile Include="FireRightCommand.cpp">
      <Filter>Commands</Filter>
    </ClCompile>
    <ClCompile Include="FireUpCommand.cpp">
      <Filter>Commands</Filter>
    </ClCompile>
  </ItemGroup>
  <ItemGroup>
    <ClInclude Include="MoveComponent.h">
      <Filter>Components</Filter>
    </ClInclude>
    <ClInclude Include="MovementControllerComponent.h">
      <Filter>Components</Filter>
    </ClInclude>
    <ClInclude Include="HealthComponent.h">
      <Filter>Components</Filter>
    </ClInclude>
    <ClInclude Include="LevelLayoutComponent.h">
      <Filter>Components\Level</Filter>
    </ClInclude>
    <ClInclude Include="LevelMovementComponent.h">
      <Filter>Components\Level</Filter>
    </ClInclude>
    <ClInclude Include="LevelPathfindingComponent.h">
      <Filter>Components\Level</Filter>
    </ClInclude>
    <ClInclude Include="LevelVisualComponent.h">
      <Filter>Components\Level</Filter>
    </ClInclude>
    <ClInclude Include="BulletComponent.h">
      <Filter>Components\Shoot</Filter>
    </ClInclude>
    <ClInclude Include="BulletPoolComponent.h">
      <Filter>Components\Shoot</Filter>
    </ClInclude>
    <ClInclude Include="ObserverHelpers.h">
      <Filter>Header Files</Filter>
    </ClInclude>
    <ClInclude Include="GunComponent.h">
      <Filter>Components\Shoot</Filter>
    </ClInclude>
    <ClInclude Include="CollisionComponent.h">
      <Filter>Components\Collision</Filter>
    </ClInclude>
    <ClInclude Include="CollisionHandlerComponent.h">
      <Filter>Components\Collision</Filter>
    </ClInclude>
    <ClInclude Include="EnemyControllerComponent.h">
      <Filter>Components</Filter>
    </ClInclude>
    <ClInclude Include="EnemyTankComponent.h">
      <Filter>Components</Filter>
    </ClInclude>
    <ClInclude Include="HealthDisplayComponent.h">
      <Filter>Components</Filter>
    </ClInclude>
    <ClInclude Include="GameInfo.h">
      <Filter>Header Files</Filter>
    </ClInclude>
    <ClInclude Include="LevelManager.h">
      <Filter>Header Files</Filter>
    </ClInclude>
    <ClInclude Include="EnemyRecognizerComponent.h">
      <Filter>Components</Filter>
    </ClInclude>
    <ClInclude Include="ScoreDisplayComponent.h">
      <Filter>Components</Filter>
    </ClInclude>
    <ClInclude Include="ScoreComponent.h">
      <Filter>Components</Filter>
    </ClInclude>
    <ClInclude Include="PlayerComponent.h">
      <Filter>Components</Filter>
    </ClInclude>
    <ClInclude Include="StartGameCommand.h">
      <Filter>Commands</Filter>
    </ClInclude>
    <ClInclude Include="SwapGamemodeCommand.h">
      <Filter>Commands</Filter>
    </ClInclude>
    <ClInclude Include="QuitGameCommand.h">
      <Filter>Commands</Filter>
    </ClInclude>
    <ClInclude Include="HighScoreComponent.h">
      <Filter>Components</Filter>
    </ClInclude>
    <ClInclude Include="MoveDownCommand.h">
      <Filter>Commands</Filter>
    </ClInclude>
    <ClInclude Include="MoveLeftCommand.h">
      <Filter>Commands</Filter>
    </ClInclude>
    <ClInclude Include="MoveRightCommand.h">
      <Filter>Commands</Filter>
    </ClInclude>
    <ClInclude Include="MoveUpCommand.h">
      <Filter>Commands</Filter>
    </ClInclude>
    <ClInclude Include="NameEnteredCommand.h">
      <Filter>Commands</Filter>
    </ClInclude>
    <ClInclude Include="ResumeCommand.h">
      <Filter>Commands</Filter>
    </ClInclude>
    <ClInclude Include="PauseCommand.h">
      <Filter>Commands</Filter>
    </ClInclude>
    <ClInclude Include="FireDownCommand.h">
      <Filter>Commands</Filter>
    </ClInclude>
    <ClInclude Include="FireLeftCommand.h">
      <Filter>Commands</Filter>
    </ClInclude>
    <ClInclude Include="FireRightCommand.h">
      <Filter>Commands</Filter>
    </ClInclude>
    <ClInclude Include="FireUpCommand.h">
      <Filter>Commands</Filter>
    </ClInclude>
  </ItemGroup>
</Project>