<?xml version="1.0" encoding="utf-8"?>
<Project ToolsVersion="4.0" xmlns="http://schemas.microsoft.com/developer/msbuild/2003">
  <ItemGroup>
    <Filter Include="Source Files">
      <UniqueIdentifier>{4FC737F1-C7A5-4376-A066-2A32D752A2FF}</UniqueIdentifier>
      <Extensions>cpp;c;cc;cxx;def;odl;idl;hpj;bat;asm;asmx</Extensions>
    </Filter>
    <Filter Include="Header Files">
      <UniqueIdentifier>{93995380-89BD-4b04-88EB-625FBE52EBFB}</UniqueIdentifier>
      <Extensions>h;hh;hpp;hxx;hm;inl;inc;xsd</Extensions>
    </Filter>
    <Filter Include="Resource Files">
      <UniqueIdentifier>{67DA6AB6-F800-4c08-8B7A-83BB121AAD01}</UniqueIdentifier>
      <Extensions>rc;ico;cur;bmp;dlg;rc2;rct;bin;rgs;gif;jpg;jpeg;jpe;resx;tiff;tif;png;wav;mfcribbon-ms</Extensions>
    </Filter>
    <Filter Include="imgui">
      <UniqueIdentifier>{2c2d6fd2-6e39-4069-82d6-4bffe313ff6f}</UniqueIdentifier>
    </Filter>
    <Filter Include="Components">
      <UniqueIdentifier>{e91cd0fb-4ae9-4ef1-a006-300d75fa4541}</UniqueIdentifier>
    </Filter>
    <Filter Include="Commands">
      <UniqueIdentifier>{c0421415-77cb-4874-a67e-b0ac9f01ecf0}</UniqueIdentifier>
    </Filter>
    <Filter Include="Observer">
      <UniqueIdentifier>{9cdf2706-3d23-4d9e-8349-0e2ba6e7a4dc}</UniqueIdentifier>
    </Filter>
    <Filter Include="EventArgs">
      <UniqueIdentifier>{4f8754af-d785-45e0-a2b9-cbd2e304fce8}</UniqueIdentifier>
    </Filter>
    <Filter Include="State">
      <UniqueIdentifier>{7893c7e7-4e85-4968-92e6-c8ef13675841}</UniqueIdentifier>
    </Filter>
    <Filter Include="Header Files\HeaderWrappers">
      <UniqueIdentifier>{d9785edc-44be-4a9e-8b20-0d37986eaa87}</UniqueIdentifier>
    </Filter>
    <Filter Include="ServiceLocator">
      <UniqueIdentifier>{3303325a-71f2-4022-bbc6-f5b426c87f74}</UniqueIdentifier>
    </Filter>
    <Filter Include="ServiceLocator\SceneManager">
      <UniqueIdentifier>{2e20b0a2-206c-447e-8b3c-8a71adae36a2}</UniqueIdentifier>
    </Filter>
    <Filter Include="ServiceLocator\SoundSystem">
      <UniqueIdentifier>{8ca33f00-8d4c-4c07-a9d7-b08a6242305a}</UniqueIdentifier>
    </Filter>
    <Filter Include="ServiceLocator\InputManager">
      <UniqueIdentifier>{8615971e-c465-48d3-b87a-5edd7be57195}</UniqueIdentifier>
    </Filter>
  </ItemGroup>
  <ItemGroup>
    <ClInclude Include="MiniginPCH.h">
      <Filter>Header Files</Filter>
    </ClInclude>
    <ClInclude Include="Singleton.h">
      <Filter>Header Files</Filter>
    </ClInclude>
    <ClInclude Include="ResourceManager.h">
      <Filter>Header Files</Filter>
    </ClInclude>
    <ClInclude Include="Renderer.h">
      <Filter>Header Files</Filter>
    </ClInclude>
    <ClInclude Include="Texture2D.h">
      <Filter>Header Files</Filter>
    </ClInclude>
    <ClInclude Include="Transform.h">
      <Filter>Header Files</Filter>
    </ClInclude>
    <ClInclude Include="Scene.h">
      <Filter>Header Files</Filter>
    </ClInclude>
    <ClInclude Include="GameObject.h">
      <Filter>Header Files</Filter>
    </ClInclude>
    <ClInclude Include="Font.h">
      <Filter>Header Files</Filter>
    </ClInclude>
    <ClInclude Include="Minigin.h">
      <Filter>Header Files</Filter>
    </ClInclude>
    <ClInclude Include="Clock.h">
      <Filter>Header Files</Filter>
    </ClInclude>
    <ClInclude Include="TextComponent.h">
      <Filter>Components</Filter>
    </ClInclude>
    <ClInclude Include="BaseComponent.h">
      <Filter>Components</Filter>
    </ClInclude>
    <ClInclude Include="Texture2DComponent.h">
      <Filter>Components</Filter>
    </ClInclude>
    <ClInclude Include="..\3rdParty\imgui-1.87\imconfig.h">
      <Filter>imgui</Filter>
    </ClInclude>
    <ClInclude Include="..\3rdParty\imgui-1.87\imgui.h">
      <Filter>imgui</Filter>
    </ClInclude>
    <ClInclude Include="..\3rdParty\imgui-1.87\imgui_internal.h">
      <Filter>imgui</Filter>
    </ClInclude>
    <ClInclude Include="..\3rdParty\imgui-1.87\imstb_rectpack.h">
      <Filter>imgui</Filter>
    </ClInclude>
    <ClInclude Include="..\3rdParty\imgui-1.87\imstb_textedit.h">
      <Filter>imgui</Filter>
    </ClInclude>
    <ClInclude Include="..\3rdParty\imgui-1.87\imstb_truetype.h">
      <Filter>imgui</Filter>
    </ClInclude>
    <ClInclude Include="..\3rdParty\imgui-1.87\backends\imgui_impl_opengl2.h">
      <Filter>imgui</Filter>
    </ClInclude>
    <ClInclude Include="..\3rdParty\imgui-1.87\backends\imgui_impl_sdl.h">
      <Filter>imgui</Filter>
    </ClInclude>
    <ClInclude Include="..\3rdParty\imgui-1.87\imgui_plot.h">
      <Filter>imgui</Filter>
    </ClInclude>
    <ClInclude Include="Command.h">
      <Filter>Commands</Filter>
    </ClInclude>
    <ClInclude Include="Observer.h">
      <Filter>Observer</Filter>
    </ClInclude>
    <ClInclude Include="Subject.h">
      <Filter>Observer</Filter>
    </ClInclude>
    <ClInclude Include="NullSoundSystem.h">
      <Filter>ServiceLocator\SoundSystem</Filter>
    </ClInclude>
    <ClInclude Include="SDLSoundSystem.h">
      <Filter>ServiceLocator\SoundSystem</Filter>
    </ClInclude>
    <ClInclude Include="BaseSoundSystem.h">
      <Filter>ServiceLocator\SoundSystem</Filter>
    </ClInclude>
    <ClInclude Include="LoggingSoundSystem.h">
      <Filter>ServiceLocator\SoundSystem</Filter>
    </ClInclude>
    <ClInclude Include="EventArgs.h">
      <Filter>EventArgs</Filter>
    </ClInclude>
    <ClInclude Include="SoundSystemEventArgs.h">
      <Filter>EventArgs</Filter>
    </ClInclude>
    <ClInclude Include="InputManager.h">
      <Filter>ServiceLocator\InputManager</Filter>
    </ClInclude>
    <ClInclude Include="XBox360Controller.h">
      <Filter>ServiceLocator\InputManager</Filter>
    </ClInclude>
    <ClInclude Include="NullInputManager.h">
      <Filter>ServiceLocator\InputManager</Filter>
    </ClInclude>
    <ClInclude Include="BaseInputManager.h">
      <Filter>ServiceLocator\InputManager</Filter>
    </ClInclude>
    <ClInclude Include="InputHelpers.h">
      <Filter>ServiceLocator\InputManager</Filter>
    </ClInclude>
    <ClInclude Include="ObserverHelpers.h">
      <Filter>Observer</Filter>
    </ClInclude>
    <ClInclude Include="KeyboardControls.h">
      <Filter>ServiceLocator\InputManager</Filter>
    </ClInclude>
    <ClInclude Include="State.h">
      <Filter>State</Filter>
    </ClInclude>
    <ClInclude Include="BinToCharVec.h">
      <Filter>Header Files</Filter>
    </ClInclude>
    <ClInclude Include="BaseSceneManager.h">
      <Filter>ServiceLocator\SceneManager</Filter>
    </ClInclude>
    <ClInclude Include="NullSceneManager.h">
      <Filter>ServiceLocator\SceneManager</Filter>
    </ClInclude>
    <ClInclude Include="sdlWrapper.h">
      <Filter>Header Files\HeaderWrappers</Filter>
    </ClInclude>
    <ClInclude Include="glmWrapper.h">
      <Filter>Header Files\HeaderWrappers</Filter>
    </ClInclude>
    <ClInclude Include="SceneManager.h">
      <Filter>ServiceLocator\SceneManager</Filter>
    </ClInclude>
    <ClInclude Include="ServiceLocator.h">
      <Filter>ServiceLocator</Filter>
    </ClInclude>
    <ClInclude Include="ComponentIncludes.h">
      <Filter>Components</Filter>
    </ClInclude>
  </ItemGroup>
  <ItemGroup>
    <ClCompile Include="MiniginPCH.cpp">
      <Filter>Source Files</Filter>
    </ClCompile>
    <ClCompile Include="ResourceManager.cpp">
      <Filter>Source Files</Filter>
    </ClCompile>
    <ClCompile Include="Renderer.cpp">
      <Filter>Source Files</Filter>
    </ClCompile>
    <ClCompile Include="Texture2D.cpp">
      <Filter>Source Files</Filter>
    </ClCompile>
    <ClCompile Include="Transform.cpp">
      <Filter>Source Files</Filter>
    </ClCompile>
    <ClCompile Include="Scene.cpp">
      <Filter>Source Files</Filter>
    </ClCompile>
    <ClCompile Include="Font.cpp">
      <Filter>Source Files</Filter>
    </ClCompile>
    <ClCompile Include="Minigin.cpp">
      <Filter>Source Files</Filter>
    </ClCompile>
    <ClCompile Include="Clock.cpp">
      <Filter>Source Files</Filter>
    </ClCompile>
    <ClCompile Include="GameObject.cpp">
      <Filter>Source Files</Filter>
    </ClCompile>
    <ClCompile Include="..\3rdParty\imgui-1.87\imgui.cpp">
      <Filter>imgui</Filter>
    </ClCompile>
    <ClCompile Include="..\3rdParty\imgui-1.87\imgui_demo.cpp">
      <Filter>imgui</Filter>
    </ClCompile>
    <ClCompile Include="..\3rdParty\imgui-1.87\imgui_draw.cpp">
      <Filter>imgui</Filter>
    </ClCompile>
    <ClCompile Include="..\3rdParty\imgui-1.87\imgui_tables.cpp">
      <Filter>imgui</Filter>
    </ClCompile>
    <ClCompile Include="..\3rdParty\imgui-1.87\imgui_widgets.cpp">
      <Filter>imgui</Filter>
    </ClCompile>
    <ClCompile Include="..\3rdParty\imgui-1.87\backends\imgui_impl_opengl2.cpp">
      <Filter>imgui</Filter>
    </ClCompile>
    <ClCompile Include="..\3rdParty\imgui-1.87\backends\imgui_impl_sdl.cpp">
      <Filter>imgui</Filter>
    </ClCompile>
    <ClCompile Include="..\3rdParty\imgui-1.87\imgui_plot.cpp">
      <Filter>imgui</Filter>
    </ClCompile>
    <ClCompile Include="BaseComponent.cpp">
      <Filter>Components</Filter>
    </ClCompile>
    <ClCompile Include="TextComponent.cpp">
      <Filter>Components</Filter>
    </ClCompile>
    <ClCompile Include="Texture2DComponent.cpp">
      <Filter>Components</Filter>
    </ClCompile>
    <ClCompile Include="Subject.cpp">
      <Filter>Observer</Filter>
    </ClCompile>
    <ClCompile Include="SDLSoundSystem.cpp">
      <Filter>ServiceLocator\SoundSystem</Filter>
    </ClCompile>
    <ClCompile Include="LoggingSoundSystem.cpp">
      <Filter>ServiceLocator\SoundSystem</Filter>
    </ClCompile>
    <ClCompile Include="InputManager.cpp">
      <Filter>ServiceLocator\InputManager</Filter>
    </ClCompile>
    <ClCompile Include="XBox360Controller.cpp">
      <Filter>ServiceLocator\InputManager</Filter>
    </ClCompile>
    <ClCompile Include="KeyboardControls.cpp">
      <Filter>ServiceLocator\InputManager</Filter>
    </ClCompile>
    <ClCompile Include="State.cpp">
      <Filter>State</Filter>
    </ClCompile>
    <ClCompile Include="BinToCharVec.cpp">
      <Filter>Source Files</Filter>
    </ClCompile>
    <ClCompile Include="SceneManager.cpp">
      <Filter>ServiceLocator\SceneManager</Filter>
    </ClCompile>
    <ClCompile Include="ServiceLocator.cpp">
      <Filter>ServiceLocator</Filter>
    </ClCompile>
  </ItemGroup>
</Project>